
Microsoft Visual Studio Solution File, Format Version 12.00
# Visual Studio 15
VisualStudioVersion = 15.0.28307.421
MinimumVisualStudioVersion = 10.0.40219.1
Project("{FAE04EC0-301F-11D3-BF4B-00C04F79EFBC}") = "DrawStructure.Main", "src\DrawStructure.Main\DrawStructure.Main.csproj", "{DE20FF7C-366F-46BE-9567-EB4B4705CC65}"
EndProject
Project("{FAE04EC0-301F-11D3-BF4B-00C04F79EFBC}") = "DrawStructure.Infrastructure", "src\DrawStructure.Infrastructure\DrawStructure.Infrastructure.csproj", "{A42C453A-881F-4A6F-AFA5-708A73C38BFE}"
EndProject
Global
	GlobalSection(SolutionConfigurationPlatforms) = preSolution
		Debug|Any CPU = Debug|Any CPU
		Release|Any CPU = Release|Any CPU
	EndGlobalSection
	GlobalSection(ProjectConfigurationPlatforms) = postSolution
		{DE20FF7C-366F-46BE-9567-EB4B4705CC65}.Debug|Any CPU.ActiveCfg = Debug|Any CPU
		{DE20FF7C-366F-46BE-9567-EB4B4705CC65}.Debug|Any CPU.Build.0 = Debug|Any CPU
		{DE20FF7C-366F-46BE-9567-EB4B4705CC65}.Release|Any CPU.ActiveCfg = Release|Any CPU
		{DE20FF7C-366F-46BE-9567-EB4B4705CC65}.Release|Any CPU.Build.0 = Release|Any CPU
		{A42C453A-881F-4A6F-AFA5-708A73C38BFE}.Debug|Any CPU.ActiveCfg = Debug|Any CPU
		{A42C453A-881F-4A6F-AFA5-708A73C38BFE}.Debug|Any CPU.Build.0 = Debug|Any CPU
		{A42C453A-881F-4A6F-AFA5-708A73C38BFE}.Release|Any CPU.ActiveCfg = Release|Any CPU
		{A42C453A-881F-4A6F-AFA5-708A73C38BFE}.Release|Any CPU.Build.0 = Release|Any CPU
	EndGlobalSection
	GlobalSection(SolutionProperties) = preSolution
		HideSolutionNode = FALSE
	EndGlobalSection
	GlobalSection(ExtensibilityGlobals) = postSolution
		SolutionGuid = {DE347543-3C8B-4EE1-AC26-4D8EA57D8C49}
	EndGlobalSection
EndGlobal
